
Microsoft Visual Studio Solution File, Format Version 12.00
Project("{FAE04EC0-301F-11D3-BF4B-00C04F79EFBC}") = "DevToAPI", "DevToAPI\DevToAPI.csproj", "{422E58CD-2FE5-432F-BF49-F982C1FACA8D}"
EndProject
Project("{FAE04EC0-301F-11D3-BF4B-00C04F79EFBC}") = "DevToAPI.Tests", "DevToAPI.Tests\DevToAPI.Tests.csproj", "{042B3648-48D4-44FA-ABDA-4B672D87DF50}"
EndProject
Global
	GlobalSection(SolutionConfigurationPlatforms) = preSolution
		Debug|Any CPU = Debug|Any CPU
		Release|Any CPU = Release|Any CPU
	EndGlobalSection
	GlobalSection(ProjectConfigurationPlatforms) = postSolution
		{422E58CD-2FE5-432F-BF49-F982C1FACA8D}.Debug|Any CPU.ActiveCfg = Debug|Any CPU
		{422E58CD-2FE5-432F-BF49-F982C1FACA8D}.Debug|Any CPU.Build.0 = Debug|Any CPU
		{422E58CD-2FE5-432F-BF49-F982C1FACA8D}.Release|Any CPU.ActiveCfg = Release|Any CPU
		{422E58CD-2FE5-432F-BF49-F982C1FACA8D}.Release|Any CPU.Build.0 = Release|Any CPU
		{042B3648-48D4-44FA-ABDA-4B672D87DF50}.Debug|Any CPU.ActiveCfg = Debug|Any CPU
		{042B3648-48D4-44FA-ABDA-4B672D87DF50}.Debug|Any CPU.Build.0 = Debug|Any CPU
		{042B3648-48D4-44FA-ABDA-4B672D87DF50}.Release|Any CPU.ActiveCfg = Release|Any CPU
		{042B3648-48D4-44FA-ABDA-4B672D87DF50}.Release|Any CPU.Build.0 = Release|Any CPU
	EndGlobalSection
EndGlobal
